
Microsoft Visual Studio Solution File, Format Version 12.00
Project("{FAE04EC0-301F-11D3-BF4B-00C04F79EFBC}") = "SpellDuel", "SpellDuel\SpellDuel.csproj", "{51FBB7B8-6049-493B-A9DE-7C1BC6B2D9BF}"
EndProject
Global
	GlobalSection(SolutionConfigurationPlatforms) = preSolution
		Debug|Any CPU = Debug|Any CPU
		Release|Any CPU = Release|Any CPU
	EndGlobalSection
	GlobalSection(ProjectConfigurationPlatforms) = postSolution
		{51FBB7B8-6049-493B-A9DE-7C1BC6B2D9BF}.Debug|Any CPU.ActiveCfg = Debug|Any CPU
		{51FBB7B8-6049-493B-A9DE-7C1BC6B2D9BF}.Debug|Any CPU.Build.0 = Debug|Any CPU
		{51FBB7B8-6049-493B-A9DE-7C1BC6B2D9BF}.Release|Any CPU.ActiveCfg = Release|Any CPU
		{51FBB7B8-6049-493B-A9DE-7C1BC6B2D9BF}.Release|Any CPU.Build.0 = Release|Any CPU
	EndGlobalSection
EndGlobal
